
Microsoft Visual Studio Solution File, Format Version 9.00
# Visual Studio 2005
Project("{FAE04EC0-301F-11D3-BF4B-00C04F79EFBC}") = "SchemaCollector", "SchemaCollector\SchemaCollector.csproj", "{164900D0-92F2-4F11-86A4-2F6B69948765}"
EndProject
Global
	GlobalSection(SolutionConfigurationPlatforms) = preSolution
		Debug|Any CPU = Debug|Any CPU
		Release|Any CPU = Release|Any CPU
	EndGlobalSection
	GlobalSection(ProjectConfigurationPlatforms) = postSolution
		{164900D0-92F2-4F11-86A4-2F6B69948765}.Debug|Any CPU.ActiveCfg = Debug|Any CPU
		{164900D0-92F2-4F11-86A4-2F6B69948765}.Debug|Any CPU.Build.0 = Debug|Any CPU
		{164900D0-92F2-4F11-86A4-2F6B69948765}.Release|Any CPU.ActiveCfg = Release|Any CPU
		{164900D0-92F2-4F11-86A4-2F6B69948765}.Release|Any CPU.Build.0 = Release|Any CPU
	EndGlobalSection
	GlobalSection(SolutionProperties) = preSolution
		HideSolutionNode = FALSE
	EndGlobalSection
EndGlobal
